{
    "version": 3,
    "terraform_version": "0.11.13",
    "serial": 2,
    "lineage": "0dfafbaf-0e4b-5ee7-fe7b-65ca7ff13291",
    "modules": [
        {
            "path": [
                "root"
            ],
            "outputs": {
                "CENTOS_AMI": {
                    "sensitive": false,
                    "type": "string",
                    "value": "ami-0affd4508a5d2481b"
                }
            },
            "resources": {
                "aws_instance.web": {
                    "type": "aws_instance",
                    "depends_on": [
                        "aws_key_pair.deployer",
                        "aws_security_group.allow_ssh",
                        "data.aws_ami.centos"
                    ],
                    "primary": {
                        "id": "i-07aa40cf20c1798a6",
                        "attributes": {
                            "ami": "ami-0affd4508a5d2481b",
                            "arn": "arn:aws:ec2:us-east-1:674680266734:instance/i-07aa40cf20c1798a6",
                            "associate_public_ip_address": "true",
                            "availability_zone": "us-east-1a",
                            "cpu_core_count": "1",
                            "cpu_threads_per_core": "1",
                            "credit_specification.#": "1",
                            "credit_specification.0.cpu_credits": "standard",
                            "disable_api_termination": "false",
                            "ebs_block_device.#": "0",
                            "ebs_optimized": "false",
                            "ephemeral_block_device.#": "0",
                            "get_password_data": "false",
                            "hibernation": "false",
                            "iam_instance_profile": "",
                            "id": "i-07aa40cf20c1798a6",
                            "instance_state": "running",
                            "instance_type": "t2.micro",
                            "ipv6_address_count": "0",
                            "ipv6_addresses.#": "0",
                            "key_name": "deployer-key",
                            "metadata_options.#": "1",
                            "metadata_options.0.http_endpoint": "enabled",
                            "metadata_options.0.http_put_response_hop_limit": "1",
                            "metadata_options.0.http_tokens": "optional",
                            "monitoring": "false",
                            "network_interface.#": "0",
                            "outpost_arn": "",
                            "password_data": "",
                            "placement_group": "",
                            "primary_network_interface_id": "eni-0c47e72463dd17767",
                            "private_dns": "ip-172-31-9-251.ec2.internal",
                            "private_ip": "172.31.9.251",
                            "public_dns": "ec2-3-237-233-85.compute-1.amazonaws.com",
                            "public_ip": "3.237.233.85",
                            "root_block_device.#": "1",
                            "root_block_device.0.delete_on_termination": "false",
                            "root_block_device.0.device_name": "/dev/sda1",
                            "root_block_device.0.encrypted": "false",
                            "root_block_device.0.iops": "100",
                            "root_block_device.0.kms_key_id": "",
                            "root_block_device.0.volume_id": "vol-0db43039c4940d4d9",
                            "root_block_device.0.volume_size": "8",
                            "root_block_device.0.volume_type": "gp2",
                            "security_groups.#": "1",
                            "security_groups.348211241": "allow_tls",
                            "source_dest_check": "true",
                            "subnet_id": "subnet-3707ab51",
                            "tags.%": "1",
                            "tags.Name": "web-ec2-user",
                            "tenancy": "default",
                            "user_data": "5617cfef8a14270056a909bd7f5e41dacd9b5d0d",
                            "volume_tags.%": "0",
                            "vpc_security_group_ids.#": "1",
                            "vpc_security_group_ids.4266924672": "sg-094c9dca76198734f"
                        },
                        "meta": {
                            "e2bfb730-ecaa-11e6-8f88-34363bc7c4c0": {
                                "create": 600000000000,
                                "delete": 1200000000000,
                                "update": 600000000000
                            },
                            "schema_version": "1"
                        },
                        "tainted": false
                    },
                    "deposed": [],
                    "provider": "provider.aws"
                },
                "aws_key_pair.deployer": {
                    "type": "aws_key_pair",
                    "depends_on": [],
                    "primary": {
                        "id": "deployer-key",
                        "attributes": {
                            "arn": "arn:aws:ec2:us-east-1:674680266734:key-pair/deployer-key",
                            "fingerprint": "60:2b:21:76:c5:3b:ca:8c:01:6c:23:d5:e6:be:e6:d7",
                            "id": "deployer-key",
                            "key_name": "deployer-key",
                            "key_pair_id": "key-010624d4aef1b35f3",
                            "public_key": "ssh-rsa AAAAB3NzaC1yc2EAAAADAQABAAABAQDAESF4/Uapm+c4W7inAxkMzzTzmA6g5AK3T1UxJkeRmo5LqZcrhCvhIlz1PS9wVcNJXcBS1eywiYyj8fLSxAK/mrA7ugkNqBW0rKefausQHr7skI8Ho5APV3YHZaVym2V/IiOMmH7xcZjtKoCa+TlIh5hlj40+c71k7wa59CNkPMF2f7LKTHfgEO6y6b4dIbdVmeovGGpPiNiRvurlhkkM5gJqZAeZsX/QjQIShQuFrEyjgJcSIVsAbygbxodV2vsdPpH33UmAQrtTT/Q8fL++QF9eesSg1DTRlCnTC5aGyzR/deMoAZr5OD11uZbHfTzXdrTqJKjBppHwaW03lyAJ ec2-user@bastion",
                            "tags.%": "0"
                        },
                        "meta": {
                            "schema_version": "1"
                        },
                        "tainted": false
                    },
                    "deposed": [],
                    "provider": "provider.aws"
                },
                "aws_security_group.allow_ssh": {
                    "type": "aws_security_group",
                    "depends_on": [],
                    "primary": {
                        "id": "sg-094c9dca76198734f",
                        "attributes": {
                            "arn": "arn:aws:ec2:us-east-1:674680266734:security-group/sg-094c9dca76198734f",
                            "description": "Allow TLS inbound traffic",
                            "egress.#": "1",
                            "egress.482069346.cidr_blocks.#": "1",
                            "egress.482069346.cidr_blocks.0": "0.0.0.0/0",
                            "egress.482069346.description": "",
                            "egress.482069346.from_port": "0",
                            "egress.482069346.ipv6_cidr_blocks.#": "0",
                            "egress.482069346.prefix_list_ids.#": "0",
                            "egress.482069346.protocol": "-1",
                            "egress.482069346.security_groups.#": "0",
                            "egress.482069346.self": "false",
                            "egress.482069346.to_port": "0",
                            "id": "sg-094c9dca76198734f",
                            "ingress.#": "2",
                            "ingress.1064347129.cidr_blocks.#": "1",
                            "ingress.1064347129.cidr_blocks.0": "0.0.0.0/0",
                            "ingress.1064347129.description": "Allow http",
                            "ingress.1064347129.from_port": "80",
                            "ingress.1064347129.ipv6_cidr_blocks.#": "0",
                            "ingress.1064347129.prefix_list_ids.#": "0",
                            "ingress.1064347129.protocol": "tcp",
                            "ingress.1064347129.security_groups.#": "0",
                            "ingress.1064347129.self": "false",
                            "ingress.1064347129.to_port": "80",
                            "ingress.1200322588.cidr_blocks.#": "1",
                            "ingress.1200322588.cidr_blocks.0": "0.0.0.0/0",
                            "ingress.1200322588.description": "Allow ssh",
                            "ingress.1200322588.from_port": "22",
                            "ingress.1200322588.ipv6_cidr_blocks.#": "0",
                            "ingress.1200322588.prefix_list_ids.#": "0",
                            "ingress.1200322588.protocol": "tcp",
                            "ingress.1200322588.security_groups.#": "0",
                            "ingress.1200322588.self": "false",
                            "ingress.1200322588.to_port": "22",
                            "name": "allow_tls",
                            "owner_id": "674680266734",
                            "revoke_rules_on_delete": "false",
                            "tags.%": "1",
                            "tags.Name": "allow_tls",
                            "vpc_id": "vpc-47758d3a"
                        },
                        "meta": {
                            "e2bfb730-ecaa-11e6-8f88-34363bc7c4c0": {
                                "create": 600000000000,
                                "delete": 600000000000
                            },
                            "schema_version": "1"
                        },
                        "tainted": false
                    },
                    "deposed": [],
                    "provider": "provider.aws"
                },
                "data.aws_ami.centos": {
                    "type": "aws_ami",
                    "depends_on": [],
                    "primary": {
                        "id": "ami-0affd4508a5d2481b",
                        "attributes": {
                            "architecture": "x86_64",
                            "arn": "arn:aws:ec2:us-east-1::image/ami-0affd4508a5d2481b",
                            "block_device_mappings.#": "1",
                            "block_device_mappings.1270490221.device_name": "/dev/sda1",
                            "block_device_mappings.1270490221.ebs.%": "6",
                            "block_device_mappings.1270490221.ebs.delete_on_termination": "false",
                            "block_device_mappings.1270490221.ebs.encrypted": "false",
                            "block_device_mappings.1270490221.ebs.iops": "0",
                            "block_device_mappings.1270490221.ebs.snapshot_id": "snap-0cb4f5ff601f70d3c",
                            "block_device_mappings.1270490221.ebs.volume_size": "8",
                            "block_device_mappings.1270490221.ebs.volume_type": "gp2",
                            "block_device_mappings.1270490221.no_device": "",
                            "block_device_mappings.1270490221.virtual_name": "",
                            "creation_date": "2020-03-09T21:49:28.000Z",
                            "description": "CentOS Linux 7 x86_64 HVM EBS ENA 2002_01",
                            "filter.#": "2",
                            "filter.1353251163.name": "state",
                            "filter.1353251163.values.#": "1",
                            "filter.1353251163.values.0": "available",
                            "filter.3159887878.name": "name",
                            "filter.3159887878.values.#": "1",
                            "filter.3159887878.values.0": "CentOS Linux 7 x86_64 HVM EBS *",
                            "hypervisor": "xen",
                            "id": "ami-0affd4508a5d2481b",
                            "image_id": "ami-0affd4508a5d2481b",
                            "image_location": "aws-marketplace/CentOS Linux 7 x86_64 HVM EBS ENA 2002_01-b7ee8a69-ee97-4a49-9e68-afaee216db2e-ami-0042af67f8e4dcc20.4",
                            "image_owner_alias": "aws-marketplace",
                            "image_type": "machine",
                            "most_recent": "true",
                            "name": "CentOS Linux 7 x86_64 HVM EBS ENA 2002_01-b7ee8a69-ee97-4a49-9e68-afaee216db2e-ami-0042af67f8e4dcc20.4",
                            "owner_id": "679593333241",
                            "owners.#": "1",
                            "owners.0": "679593333241",
                            "product_codes.#": "1",
                            "product_codes.347650389.product_code_id": "aw0evgkw8e5c1q413zgy5pjce",
                            "product_codes.347650389.product_code_type": "marketplace",
                            "public": "true",
                            "root_device_name": "/dev/sda1",
                            "root_device_type": "ebs",
                            "root_snapshot_id": "snap-0cb4f5ff601f70d3c",
                            "sriov_net_support": "simple",
                            "state": "available",
                            "state_reason.%": "2",
                            "state_reason.code": "UNSET",
                            "state_reason.message": "UNSET",
                            "tags.%": "0",
                            "virtualization_type": "hvm"
                        },
                        "meta": {},
                        "tainted": false
                    },
                    "deposed": [],
                    "provider": "provider.aws"
                }
            },
            "depends_on": []
        }
    ]
}
